
Microsoft Visual Studio Solution File, Format Version 12.00
# Visual Studio Version 17
VisualStudioVersion = 17.7.34221.43
MinimumVisualStudioVersion = 10.0.40219.1
Project("{9A19103F-16F7-4668-BE54-9A1E7A4F7556}") = "CS408_PROJECT_DISUCORD", "CS408_PROJECT_DISUCORD\CS408_PROJECT_DISUCORD.csproj", "{2B4087FB-8F5C-42E0-8A39-3EE02FA271EA}"
EndProject
Project("{9A19103F-16F7-4668-BE54-9A1E7A4F7556}") = "CS408_PROJECT_DISUCORD_DAL", "CS408_PROJECT_DISUCORD_DAL\CS408_PROJECT_DISUCORD_DAL.csproj", "{106EFAD1-4A07-4D67-9A4E-70FA21C002FB}"
EndProject
Global
	GlobalSection(SolutionConfigurationPlatforms) = preSolution
		Debug|Any CPU = Debug|Any CPU
		Release|Any CPU = Release|Any CPU
	EndGlobalSection
	GlobalSection(ProjectConfigurationPlatforms) = postSolution
		{2B4087FB-8F5C-42E0-8A39-3EE02FA271EA}.Debug|Any CPU.ActiveCfg = Debug|Any CPU
		{2B4087FB-8F5C-42E0-8A39-3EE02FA271EA}.Debug|Any CPU.Build.0 = Debug|Any CPU
		{2B4087FB-8F5C-42E0-8A39-3EE02FA271EA}.Release|Any CPU.ActiveCfg = Release|Any CPU
		{2B4087FB-8F5C-42E0-8A39-3EE02FA271EA}.Release|Any CPU.Build.0 = Release|Any CPU
		{106EFAD1-4A07-4D67-9A4E-70FA21C002FB}.Debug|Any CPU.ActiveCfg = Debug|Any CPU
		{106EFAD1-4A07-4D67-9A4E-70FA21C002FB}.Debug|Any CPU.Build.0 = Debug|Any CPU
		{106EFAD1-4A07-4D67-9A4E-70FA21C002FB}.Release|Any CPU.ActiveCfg = Release|Any CPU
		{106EFAD1-4A07-4D67-9A4E-70FA21C002FB}.Release|Any CPU.Build.0 = Release|Any CPU
	EndGlobalSection
	GlobalSection(SolutionProperties) = preSolution
		HideSolutionNode = FALSE
	EndGlobalSection
	GlobalSection(ExtensibilityGlobals) = postSolution
		SolutionGuid = {F68B610B-BFC2-4913-99C7-357BD87950D1}
	EndGlobalSection
EndGlobal
